
Microsoft Visual Studio Solution File, Format Version 12.00
# Visual Studio Version 16
VisualStudioVersion = 16.0.30413.136
MinimumVisualStudioVersion = 10.0.40219.1
Project("{FAE04EC0-301F-11D3-BF4B-00C04F79EFBC}") = "HackKstate2021_Project", "HackKstate2021_Project\HackKstate2021_Project.csproj", "{C495DC58-9F6A-4AB3-AAA5-7A5121B55E24}"
EndProject
Global
	GlobalSection(SolutionConfigurationPlatforms) = preSolution
		Debug|Any CPU = Debug|Any CPU
		Release|Any CPU = Release|Any CPU
	EndGlobalSection
	GlobalSection(ProjectConfigurationPlatforms) = postSolution
		{C495DC58-9F6A-4AB3-AAA5-7A5121B55E24}.Debug|Any CPU.ActiveCfg = Debug|Any CPU
		{C495DC58-9F6A-4AB3-AAA5-7A5121B55E24}.Debug|Any CPU.Build.0 = Debug|Any CPU
		{C495DC58-9F6A-4AB3-AAA5-7A5121B55E24}.Release|Any CPU.ActiveCfg = Release|Any CPU
		{C495DC58-9F6A-4AB3-AAA5-7A5121B55E24}.Release|Any CPU.Build.0 = Release|Any CPU
	EndGlobalSection
	GlobalSection(SolutionProperties) = preSolution
		HideSolutionNode = FALSE
	EndGlobalSection
	GlobalSection(ExtensibilityGlobals) = postSolution
		SolutionGuid = {9B0373B6-C746-423B-8AC1-80DCFD904CEA}
	EndGlobalSection
EndGlobal
